// !$*UTF8*$!
{
	archiveVersion = 1;
	classes = {
	};
	objectVersion = 48;
	objects = {

/* Begin PBXBuildFile section */
		F573FB3D1FBB1E9500B8920E /* AppDelegate.swift in Sources */ = {isa = PBXBuildFile; fileRef = F573FB3C1FBB1E9500B8920E /* AppDelegate.swift */; };
		F573FB3F1FBB1E9500B8920E /* ViewController.swift in Sources */ = {isa = PBXBuildFile; fileRef = F573FB3E1FBB1E9500B8920E /* ViewController.swift */; };
		F573FB421FBB1E9500B8920E /* Main.storyboard in Resources */ = {isa = PBXBuildFile; fileRef = F573FB401FBB1E9500B8920E /* Main.storyboard */; };
		F573FB441FBB1E9500B8920E /* Assets.xcassets in Resources */ = {isa = PBXBuildFile; fileRef = F573FB431FBB1E9500B8920E /* Assets.xcassets */; };
		F573FB471FBB1E9500B8920E /* LaunchScreen.storyboard in Resources */ = {isa = PBXBuildFile; fileRef = F573FB451FBB1E9500B8920E /* LaunchScreen.storyboard */; };
/* End PBXBuildFile section */

/* Begin PBXFileReference section */
		F573FB391FBB1E9500B8920E /* Egg Timer.app */ = {isa = PBXFileReference; explicitFileType = wrapper.application; includeInIndex = 0; path = "Egg Timer.app"; sourceTree = BUILT_PRODUCTS_DIR; };
		F573FB3C1FBB1E9500B8920E /* AppDelegate.swift */ = {isa = PBXFileReference; lastKnownFileType = sourcecode.swift; path = AppDelegate.swift; sourceTree = "<group>"; };
		F573FB3E1FBB1E9500B8920E /* ViewController.swift */ = {isa = PBXFileReference; lastKnownFileType = sourcecode.swift; path = ViewController.swift; sourceTree = "<group>"; };
		F573FB411FBB1E9500B8920E /* Base */ = {isa = PBXFileReference; lastKnownFileType = file.storyboard; name = Base; path = Base.lproj/Main.storyboard; sourceTree = "<group>"; };
		F573FB431FBB1E9500B8920E /* Assets.xcassets */ = {isa = PBXFileReference; lastKnownFileType = folder.assetcatalog; path = Assets.xcassets; sourceTree = "<group>"; };
		F573FB461FBB1E9500B8920E /* Base */ = {isa = PBXFileReference; lastKnownFileType = file.storyboard; name = Base; path = Base.lproj/LaunchScreen.storyboard; sourceTree = "<group>"; };
		F573FB481FBB1E9500B8920E /* Info.plist */ = {isa = PBXFileReference; lastKnownFileType = text.plist.xml; path = Info.plist; sourceTree = "<group>"; };
/* End PBXFileReference section */

/* Begin PBXFrameworksBuildPhase section */
		F573FB361FBB1E9500B8920E /* Frameworks */ = {
			isa = PBXFrameworksBuildPhase;
			buildActionMask = 2147483647;
			files = (
			);
			runOnlyForDeploymentPostprocessing = 0;
		};
/* End PBXFrameworksBuildPhase section */

/* Begin PBXGroup section */
		F573FB301FBB1E9500B8920E = {
			isa = PBXGroup;
			children = (
				F573FB3B1FBB1E9500B8920E /* Egg Timer */,
				F573FB3A1FBB1E9500B8920E /* Products */,
			);
			sourceTree = "<group>";
		};
		F573FB3A1FBB1E9500B8920E /* Products */ = {
			isa = PBXGroup;
			children = (
				F573FB391FBB1E9500B8920E /* Egg Timer.app */,
			);
			name = Products;
			sourceTree = "<group>";
		};
		F573FB3B1FBB1E9500B8920E /* Egg Timer */ = {
			isa = PBXGroup;
			children = (
				F573FB3C1FBB1E9500B8920E /* AppDelegate.swift */,
				F573FB3E1FBB1E9500B8920E /* ViewController.swift */,
				F573FB401FBB1E9500B8920E /* Main.storyboard */,
				F573FB431FBB1E9500B8920E /* Assets.xcassets */,
				F573FB451FBB1E9500B8920E /* LaunchScreen.storyboard */,
				F573FB481FBB1E9500B8920E /* Info.plist */,
			);
			path = "Egg Timer";
			sourceTree = "<group>";
		};
/* End PBXGroup section */

/* Begin PBXNativeTarget section */
		F573FB381FBB1E9500B8920E /* Egg Timer */ = {
			isa = PBXNativeTarget;
			buildConfigurationList = F573FB4B1FBB1E9500B8920E /* Build configuration list for PBXNativeTarget "Egg Timer" */;
			buildPhases = (
				F573FB351FBB1E9500B8920E /* Sources */,
				F573FB361FBB1E9500B8920E /* Frameworks */,
				F573FB371FBB1E9500B8920E /* Resources */,
			);
			buildRules = (
			);
			dependencies = (
			);
			name = "Egg Timer";
			productName = "Egg Timer";
			productReference = F573FB391FBB1E9500B8920E /* Egg Timer.app */;
			productType = "com.apple.product-type.application";
		};
/* End PBXNativeTarget section */

/* Begin PBXProject section */
		F573FB311FBB1E9500B8920E /* Project object */ = {
			isa = PBXProject;
			attributes = {
				LastSwiftUpdateCheck = 0910;
				LastUpgradeCheck = 0910;
				ORGANIZATIONNAME = "Bill Proudfoot";
				TargetAttributes = {
					F573FB381FBB1E9500B8920E = {
						CreatedOnToolsVersion = 9.1;
						ProvisioningStyle = Automatic;
					};
				};
			};
			buildConfigurationList = F573FB341FBB1E9500B8920E /* Build configuration list for PBXProject "Egg Timer" */;
			compatibilityVersion = "Xcode 8.0";
			developmentRegion = en;
			hasScannedForEncodings = 0;
			knownRegions = (
				en,
				Base,
			);
			mainGroup = F573FB301FBB1E9500B8920E;
			productRefGroup = F573FB3A1FBB1E9500B8920E /* Products */;
			projectDirPath = "";
			projectRoot = "";
			targets = (
				F573FB381FBB1E9500B8920E /* Egg Timer */,
			);
		};
/* End PBXProject section */

/* Begin PBXResourcesBuildPhase section */
		F573FB371FBB1E9500B8920E /* Resources */ = {
			isa = PBXResourcesBuildPhase;
			buildActionMask = 2147483647;
			files = (
				F573FB471FBB1E9500B8920E /* LaunchScreen.storyboard in Resources */,
				F573FB441FBB1E9500B8920E /* Assets.xcassets in Resources */,
				F573FB421FBB1E9500B8920E /* Main.storyboard in Resources */,
			);
			runOnlyForDeploymentPostprocessing = 0;
		};
/* End PBXResourcesBuildPhase section */

/* Begin PBXSourcesBuildPhase section */
		F573FB351FBB1E9500B8920E /* Sources */ = {
			isa = PBXSourcesBuildPhase;
			buildActionMask = 2147483647;
			files = (
				F573FB3F1FBB1E9500B8920E /* ViewController.swift in Sources */,
				F573FB3D1FBB1E9500B8920E /* AppDelegate.swift in Sources */,
			);
			runOnlyForDeploymentPostprocessing = 0;
		};
/* End PBXSourcesBuildPhase section */

/* Begin PBXVariantGroup section */
		F573FB401FBB1E9500B8920E /* Main.storyboard */ = {
			isa = PBXVariantGroup;
			children = (
				F573FB411FBB1E9500B8920E /* Base */,
			);
			name = Main.storyboard;
			sourceTree = "<group>";
		};
		F573FB451FBB1E9500B8920E /* LaunchScreen.storyboard */ = {
			isa = PBXVariantGroup;
			children = (
				F573FB461FBB1E9500B8920E /* Base */,
			);
			name = LaunchScreen.storyboard;
			sourceTree = "<group>";
		};
/* End PBXVariantGroup section */

/* Begin XCBuildConfiguration section */
		F573FB491FBB1E9500B8920E /* Debug */ = {
			isa = XCBuildConfiguration;
			buildSettings = {
				ALWAYS_SEARCH_USER_PATHS = NO;
				CLANG_ANALYZER_NONNULL = YES;
				CLANG_ANALYZER_NUMBER_OBJECT_CONVERSION = YES_AGGRESSIVE;
				CLANG_CXX_LANGUAGE_STANDARD = "gnu++14";
				CLANG_CXX_LIBRARY = "libc++";
				CLANG_ENABLE_MODULES = YES;
				CLANG_ENABLE_OBJC_ARC = YES;
				CLANG_WARN_BLOCK_CAPTURE_AUTORELEASING = YES;
				CLANG_WARN_BOOL_CONVERSION = YES;
				CLANG_WARN_COMMA = YES;
				CLANG_WARN_CONSTANT_CONVERSION = YES;
				CLANG_WARN_DIRECT_OBJC_ISA_USAGE = YES_ERROR;
				CLANG_WARN_DOCUMENTATION_COMMENTS = YES;
				CLANG_WARN_EMPTY_BODY = YES;
				CLANG_WARN_ENUM_CONVERSION = YES;
				CLANG_WARN_INFINITE_RECURSION = YES;
				CLANG_WARN_INT_CONVERSION = YES;
				CLANG_WARN_NON_LITERAL_NULL_CONVERSION = YES;
				CLANG_WARN_OBJC_LITERAL_CONVERSION = YES;
				CLANG_WARN_OBJC_ROOT_CLASS = YES_ERROR;
				CLANG_WARN_RANGE_LOOP_ANALYSIS = YES;
				CLANG_WARN_STRICT_PROTOTYPES = YES;
				CLANG_WARN_SUSPICIOUS_MOVE = YES;
				CLANG_WARN_UNGUARDED_AVAILABILITY = YES_AGGRESSIVE;
				CLANG_WARN_UNREACHABLE_CODE = YES;
				CLANG_WARN__DUPLICATE_METHOD_MATCH = YES;
				CODE_SIGN_IDENTITY = "iPhone Developer";
				COPY_PHASE_STRIP = NO;
				DEBUG_INFORMATION_FORMAT = dwarf;
				ENABLE_STRICT_OBJC_MSGSEND = YES;
				ENABLE_TESTABILITY = YES;
				GCC_C_LANGUAGE_STANDARD = gnu11;
				GCC_DYNAMIC_NO_PIC = NO;
				GCC_NO_COMMON_BLOCKS = YES;
				GCC_OPTIMIZATION_LEVEL = 0;
				GCC_PREPROCESSOR_DEFINITIONS = (
					"DEBUG=1",
					"$(inherited)",
				);
				GCC_WARN_64_TO_32_BIT_CONVERSION = YES;
				GCC_WARN_ABOUT_RETURN_TYPE = YES_ERROR;
				GCC_WARN_UNDECLARED_SELECTOR = YES;
				GCC_WARN_UNINITIALIZED_AUTOS = YES_AGGRESSIVE;
				GCC_WARN_UNUSED_FUNCTION = YES;
				GCC_WARN_UNUSED_VARIABLE = YES;
				IPHONEOS_DEPLOYMENT_TARGET = 11.1;
				MTL_ENABLE_DEBUG_INFO = YES;
				ONLY_ACTIVE_ARCH = YES;
				SDKROOT = iphoneos;
				SWIFT_ACTIVE_COMPILATION_CONDITIONS = DEBUG;
				SWIFT_OPTIMIZATION_LEVEL = "-Onone";
			};
			name = Debug;
		};
		F573FB4A1FBB1E9500B8920E /* Release */ = {
			isa = XCBuildConfiguration;
			buildSettings = {
				ALWAYS_SEARCH_USER_PATHS = NO;
				CLANG_ANALYZER_NONNULL = YES;
				CLANG_ANALYZER_NUMBER_OBJECT_CONVERSION = YES_AGGRESSIVE;
				CLANG_CXX_LANGUAGE_STANDARD = "gnu++14";
				CLANG_CXX_LIBRARY = "libc++";
				CLANG_ENABLE_MODULES = YES;
				CLANG_ENABLE_OBJC_ARC = YES;
				CLANG_WARN_BLOCK_CAPTURE_AUTORELEASING = YES;
				CLANG_WARN_BOOL_CONVERSION = YES;
				CLANG_WARN_COMMA = YES;
				CLANG_WARN_CONSTANT_CONVERSION = YES;
				CLANG_WARN_DIRECT_OBJC_ISA_USAGE = YES_ERROR;
				CLANG_WARN_DOCUMENTATION_COMMENTS = YES;
				CLANG_WARN_EMPTY_BODY = YES;
				CLANG_WARN_ENUM_CONVERSION = YES;
				CLANG_WARN_INFINITE_RECURSION = YES;
				CLANG_WARN_INT_CONVERSION = YES;
				CLANG_WARN_NON_LITERAL_NULL_CONVERSION = YES;
				CLANG_WARN_OBJC_LITERAL_CONVERSION = YES;
				CLANG_WARN_OBJC_ROOT_CLASS = YES_ERROR;
				CLANG_WARN_RANGE_LOOP_ANALYSIS = YES;
				CLANG_WARN_STRICT_PROTOTYPES = YES;
				CLANG_WARN_SUSPICIOUS_MOVE = YES;
				CLANG_WARN_UNGUARDED_AVAILABILITY = YES_AGGRESSIVE;
				CLANG_WARN_UNREACHABLE_CODE = YES;
				CLANG_WARN__DUPLICATE_METHOD_MATCH = YES;
				CODE_SIGN_IDENTITY = "iPhone Developer";
				COPY_PHASE_STRIP = NO;
				DEBUG_INFORMATION_FORMAT = "dwarf-with-dsym";
				ENABLE_NS_ASSERTIONS = NO;
				ENABLE_STRICT_OBJC_MSGSEND = YES;
				GCC_C_LANGUAGE_STANDARD = gnu11;
				GCC_NO_COMMON_BLOCKS = YES;
				GCC_WARN_64_TO_32_BIT_CONVERSION = YES;
				GCC_WARN_ABOUT_RETURN_TYPE = YES_ERROR;
				GCC_WARN_UNDECLARED_SELECTOR = YES;
				GCC_WARN_UNINITIALIZED_AUTOS = YES_AGGRESSIVE;
				GCC_WARN_UNUSED_FUNCTION = YES;
				GCC_WARN_UNUSED_VARIABLE = YES;
				IPHONEOS_DEPLOYMENT_TARGET = 11.1;
				MTL_ENABLE_DEBUG_INFO = NO;
				SDKROOT = iphoneos;
				SWIFT_OPTIMIZATION_LEVEL = "-Owholemodule";
				VALIDATE_PRODUCT = YES;
			};
			name = Release;
		};
		F573FB4C1FBB1E9500B8920E /* Debug */ = {
			isa = XCBuildConfiguration;
			buildSettings = {
				ASSETCATALOG_COMPILER_APPICON_NAME = AppIcon;
				CODE_SIGN_STYLE = Automatic;
				DEVELOPMENT_TEAM = 8539ME5Z8R;
				INFOPLIST_FILE = "Egg Timer/Info.plist";
				LD_RUNPATH_SEARCH_PATHS = "$(inherited) @executable_path/Frameworks";
				PRODUCT_BUNDLE_IDENTIFIER = "com.BillProudfoot.Egg-Timer";
				PRODUCT_NAME = "$(TARGET_NAME)";
				SWIFT_VERSION = 4.0;
				TARGETED_DEVICE_FAMILY = "1,2";
			};
			name = Debug;
		};
		F573FB4D1FBB1E9500B8920E /* Release */ = {
			isa = XCBuildConfiguration;
			buildSettings = {
				ASSETCATALOG_COMPILER_APPICON_NAME = AppIcon;
				CODE_SIGN_STYLE = Automatic;
				DEVELOPMENT_TEAM = 8539ME5Z8R;
				INFOPLIST_FILE = "Egg Timer/Info.plist";
				LD_RUNPATH_SEARCH_PATHS = "$(inherited) @executable_path/Frameworks";
				PRODUCT_BUNDLE_IDENTIFIER = "com.BillProudfoot.Egg-Timer";
				PRODUCT_NAME = "$(TARGET_NAME)";
				SWIFT_VERSION = 4.0;
				TARGETED_DEVICE_FAMILY = "1,2";
			};
			name = Release;
		};
/* End XCBuildConfiguration section */

/* Begin XCConfigurationList section */
		F573FB341FBB1E9500B8920E /* Build configuration list for PBXProject "Egg Timer" */ = {
			isa = XCConfigurationList;
			buildConfigurations = (
				F573FB491FBB1E9500B8920E /* Debug */,
				F573FB4A1FBB1E9500B8920E /* Release */,
			);
			defaultConfigurationIsVisible = 0;
			defaultConfigurationName = Release;
		};
		F573FB4B1FBB1E9500B8920E /* Build configuration list for PBXNativeTarget "Egg Timer" */ = {
			isa = XCConfigurationList;
			buildConfigurations = (
				F573FB4C1FBB1E9500B8920E /* Debug */,
				F573FB4D1FBB1E9500B8920E /* Release */,
			);
			defaultConfigurationIsVisible = 0;
			defaultConfigurationName = Release;
		};
/* End XCConfigurationList section */
	};
	rootObject = F573FB311FBB1E9500B8920E /* Project object */;
}
